
Microsoft Visual Studio Solution File, Format Version 12.00
# Visual Studio 14
VisualStudioVersion = 14.0.22021.0
MinimumVisualStudioVersion = 10.0.40219.1
Project("{FAE04EC0-301F-11D3-BF4B-00C04F79EFBC}") = "WebApplicationGit", "WebApplicationGit\WebApplicationGit.csproj", "{712E985A-9B66-475C-99C0-11EBC7014EF3}"
EndProject
Global
	GlobalSection(SolutionConfigurationPlatforms) = preSolution
		Debug|Any CPU = Debug|Any CPU
		Release|Any CPU = Release|Any CPU
	EndGlobalSection
	GlobalSection(ProjectConfigurationPlatforms) = postSolution
		{712E985A-9B66-475C-99C0-11EBC7014EF3}.Debug|Any CPU.ActiveCfg = Debug|Any CPU
		{712E985A-9B66-475C-99C0-11EBC7014EF3}.Debug|Any CPU.Build.0 = Debug|Any CPU
		{712E985A-9B66-475C-99C0-11EBC7014EF3}.Release|Any CPU.ActiveCfg = Release|Any CPU
		{712E985A-9B66-475C-99C0-11EBC7014EF3}.Release|Any CPU.Build.0 = Release|Any CPU
	EndGlobalSection
	GlobalSection(SolutionProperties) = preSolution
		HideSolutionNode = FALSE
	EndGlobalSection
EndGlobal
